
Microsoft Visual Studio Solution File, Format Version 12.00
Project("{FAE04EC0-301F-11D3-BF4B-00C04F79EFBC}") = "Domain", "Domain\Domain.csproj", "{64BEFC72-EF1C-461A-A425-2CF9939C1332}"
EndProject
Project("{FAE04EC0-301F-11D3-BF4B-00C04F79EFBC}") = "Application", "Application\Application.csproj", "{4EE88EED-0759-474E-97BE-A3D5416FBC7C}"
EndProject
Global
	GlobalSection(SolutionConfigurationPlatforms) = preSolution
		Debug|Any CPU = Debug|Any CPU
		Release|Any CPU = Release|Any CPU
	EndGlobalSection
	GlobalSection(ProjectConfigurationPlatforms) = postSolution
		{64BEFC72-EF1C-461A-A425-2CF9939C1332}.Debug|Any CPU.ActiveCfg = Debug|Any CPU
		{64BEFC72-EF1C-461A-A425-2CF9939C1332}.Debug|Any CPU.Build.0 = Debug|Any CPU
		{64BEFC72-EF1C-461A-A425-2CF9939C1332}.Release|Any CPU.ActiveCfg = Release|Any CPU
		{64BEFC72-EF1C-461A-A425-2CF9939C1332}.Release|Any CPU.Build.0 = Release|Any CPU
		{4EE88EED-0759-474E-97BE-A3D5416FBC7C}.Debug|Any CPU.ActiveCfg = Debug|Any CPU
		{4EE88EED-0759-474E-97BE-A3D5416FBC7C}.Debug|Any CPU.Build.0 = Debug|Any CPU
		{4EE88EED-0759-474E-97BE-A3D5416FBC7C}.Release|Any CPU.ActiveCfg = Release|Any CPU
		{4EE88EED-0759-474E-97BE-A3D5416FBC7C}.Release|Any CPU.Build.0 = Release|Any CPU
	EndGlobalSection
EndGlobal
